
Microsoft Visual Studio Solution File, Format Version 12.00
Project("{FAE04EC0-301F-11D3-BF4B-00C04F79EFBC}") = "WPFMusicPlayer", "WPFMusicPlayer.csproj", "{89CFE590-26D2-4224-B9E0-4419D9DBD185}"
EndProject
Global
	GlobalSection(SolutionConfigurationPlatforms) = preSolution
		Debug|Any CPU = Debug|Any CPU
		Release|Any CPU = Release|Any CPU
	EndGlobalSection
	GlobalSection(ProjectConfigurationPlatforms) = postSolution
		{89CFE590-26D2-4224-B9E0-4419D9DBD185}.Debug|Any CPU.ActiveCfg = Debug|Any CPU
		{89CFE590-26D2-4224-B9E0-4419D9DBD185}.Debug|Any CPU.Build.0 = Debug|Any CPU
		{89CFE590-26D2-4224-B9E0-4419D9DBD185}.Release|Any CPU.ActiveCfg = Release|Any CPU
		{89CFE590-26D2-4224-B9E0-4419D9DBD185}.Release|Any CPU.Build.0 = Release|Any CPU
	EndGlobalSection
EndGlobal
